
Microsoft Visual Studio Solution File, Format Version 10.00
# Visual C# Express 2008
Project("{FAE04EC0-301F-11D3-BF4B-00C04F79EFBC}") = "Prac2venta", "Prac2venta\Prac2venta.csproj", "{29AEACD7-D001-4949-ABBB-F6ABE3BD990A}"
EndProject
Global
	GlobalSection(SolutionConfigurationPlatforms) = preSolution
		Debug|Any CPU = Debug|Any CPU
		Release|Any CPU = Release|Any CPU
	EndGlobalSection
	GlobalSection(ProjectConfigurationPlatforms) = postSolution
		{29AEACD7-D001-4949-ABBB-F6ABE3BD990A}.Debug|Any CPU.ActiveCfg = Debug|Any CPU
		{29AEACD7-D001-4949-ABBB-F6ABE3BD990A}.Debug|Any CPU.Build.0 = Debug|Any CPU
		{29AEACD7-D001-4949-ABBB-F6ABE3BD990A}.Release|Any CPU.ActiveCfg = Release|Any CPU
		{29AEACD7-D001-4949-ABBB-F6ABE3BD990A}.Release|Any CPU.Build.0 = Release|Any CPU
	EndGlobalSection
	GlobalSection(SolutionProperties) = preSolution
		HideSolutionNode = FALSE
	EndGlobalSection
EndGlobal
